// !$*UTF8*$!
{
	archiveVersion = 1;
	classes = {
	};
	objectVersion = 48;
	objects = {

/* Begin PBXBuildFile section */
		EE0C66571F8D44540016C232 /* AppDelegate.swift in Sources */ = {isa = PBXBuildFile; fileRef = EE0C66561F8D44540016C232 /* AppDelegate.swift */; };
		EE0C66591F8D44540016C232 /* CameraVC.swift in Sources */ = {isa = PBXBuildFile; fileRef = EE0C66581F8D44540016C232 /* CameraVC.swift */; };
		EE0C665C1F8D44540016C232 /* Main.storyboard in Resources */ = {isa = PBXBuildFile; fileRef = EE0C665A1F8D44540016C232 /* Main.storyboard */; };
		EE0C665E1F8D44540016C232 /* Assets.xcassets in Resources */ = {isa = PBXBuildFile; fileRef = EE0C665D1F8D44540016C232 /* Assets.xcassets */; };
		EE0C66611F8D44540016C232 /* LaunchScreen.storyboard in Resources */ = {isa = PBXBuildFile; fileRef = EE0C665F1F8D44540016C232 /* LaunchScreen.storyboard */; };
		EE0C666D1F8D486A0016C232 /* RoundedShadowView.swift in Sources */ = {isa = PBXBuildFile; fileRef = EE0C666C1F8D486A0016C232 /* RoundedShadowView.swift */; };
		EE0C666F1F8D49B00016C232 /* RoundedShadowButton.swift in Sources */ = {isa = PBXBuildFile; fileRef = EE0C666E1F8D49B00016C232 /* RoundedShadowButton.swift */; };
		EE0C66711F8D49FC0016C232 /* RoundedShadowImageView.swift in Sources */ = {isa = PBXBuildFile; fileRef = EE0C66701F8D49FC0016C232 /* RoundedShadowImageView.swift */; };
		EE265FEE1F8DA7D100E7A429 /* SqueezeNet.mlmodel in Sources */ = {isa = PBXBuildFile; fileRef = EE265FED1F8DA7CF00E7A429 /* SqueezeNet.mlmodel */; };
/* End PBXBuildFile section */

/* Begin PBXFileReference section */
		EE0C66531F8D44540016C232 /* VisonAppDev.app */ = {isa = PBXFileReference; explicitFileType = wrapper.application; includeInIndex = 0; path = VisonAppDev.app; sourceTree = BUILT_PRODUCTS_DIR; };
		EE0C66561F8D44540016C232 /* AppDelegate.swift */ = {isa = PBXFileReference; lastKnownFileType = sourcecode.swift; path = AppDelegate.swift; sourceTree = "<group>"; };
		EE0C66581F8D44540016C232 /* CameraVC.swift */ = {isa = PBXFileReference; lastKnownFileType = sourcecode.swift; path = CameraVC.swift; sourceTree = "<group>"; };
		EE0C665B1F8D44540016C232 /* Base */ = {isa = PBXFileReference; lastKnownFileType = file.storyboard; name = Base; path = Base.lproj/Main.storyboard; sourceTree = "<group>"; };
		EE0C665D1F8D44540016C232 /* Assets.xcassets */ = {isa = PBXFileReference; lastKnownFileType = folder.assetcatalog; path = Assets.xcassets; sourceTree = "<group>"; };
		EE0C66601F8D44540016C232 /* Base */ = {isa = PBXFileReference; lastKnownFileType = file.storyboard; name = Base; path = Base.lproj/LaunchScreen.storyboard; sourceTree = "<group>"; };
		EE0C66621F8D44540016C232 /* Info.plist */ = {isa = PBXFileReference; lastKnownFileType = text.plist.xml; path = Info.plist; sourceTree = "<group>"; };
		EE0C666C1F8D486A0016C232 /* RoundedShadowView.swift */ = {isa = PBXFileReference; lastKnownFileType = sourcecode.swift; path = RoundedShadowView.swift; sourceTree = "<group>"; };
		EE0C666E1F8D49B00016C232 /* RoundedShadowButton.swift */ = {isa = PBXFileReference; lastKnownFileType = sourcecode.swift; path = RoundedShadowButton.swift; sourceTree = "<group>"; };
		EE0C66701F8D49FC0016C232 /* RoundedShadowImageView.swift */ = {isa = PBXFileReference; lastKnownFileType = sourcecode.swift; path = RoundedShadowImageView.swift; sourceTree = "<group>"; };
		EE265FED1F8DA7CF00E7A429 /* SqueezeNet.mlmodel */ = {isa = PBXFileReference; lastKnownFileType = file.mlmodel; path = SqueezeNet.mlmodel; sourceTree = "<group>"; };
/* End PBXFileReference section */

/* Begin PBXFrameworksBuildPhase section */
		EE0C66501F8D44540016C232 /* Frameworks */ = {
			isa = PBXFrameworksBuildPhase;
			buildActionMask = 2147483647;
			files = (
			);
			runOnlyForDeploymentPostprocessing = 0;
		};
/* End PBXFrameworksBuildPhase section */

/* Begin PBXGroup section */
		EE0C664A1F8D44540016C232 = {
			isa = PBXGroup;
			children = (
				EE0C66551F8D44540016C232 /* VisonAppDev */,
				EE0C66541F8D44540016C232 /* Products */,
			);
			sourceTree = "<group>";
		};
		EE0C66541F8D44540016C232 /* Products */ = {
			isa = PBXGroup;
			children = (
				EE0C66531F8D44540016C232 /* VisonAppDev.app */,
			);
			name = Products;
			sourceTree = "<group>";
		};
		EE0C66551F8D44540016C232 /* VisonAppDev */ = {
			isa = PBXGroup;
			children = (
				EE0C666B1F8D45420016C232 /* Resources */,
				EE0C666A1F8D45360016C232 /* Model */,
				EE0C66691F8D45310016C232 /* View */,
				EE0C66681F8D45250016C232 /* Controller */,
				EE0C66561F8D44540016C232 /* AppDelegate.swift */,
				EE0C665A1F8D44540016C232 /* Main.storyboard */,
				EE0C665D1F8D44540016C232 /* Assets.xcassets */,
				EE0C665F1F8D44540016C232 /* LaunchScreen.storyboard */,
				EE0C66621F8D44540016C232 /* Info.plist */,
			);
			path = VisonAppDev;
			sourceTree = "<group>";
		};
		EE0C66681F8D45250016C232 /* Controller */ = {
			isa = PBXGroup;
			children = (
				EE0C66581F8D44540016C232 /* CameraVC.swift */,
			);
			path = Controller;
			sourceTree = "<group>";
		};
		EE0C66691F8D45310016C232 /* View */ = {
			isa = PBXGroup;
			children = (
				EE0C666C1F8D486A0016C232 /* RoundedShadowView.swift */,
				EE0C666E1F8D49B00016C232 /* RoundedShadowButton.swift */,
				EE0C66701F8D49FC0016C232 /* RoundedShadowImageView.swift */,
			);
			path = View;
			sourceTree = "<group>";
		};
		EE0C666A1F8D45360016C232 /* Model */ = {
			isa = PBXGroup;
			children = (
			);
			path = Model;
			sourceTree = "<group>";
		};
		EE0C666B1F8D45420016C232 /* Resources */ = {
			isa = PBXGroup;
			children = (
				EE265FED1F8DA7CF00E7A429 /* SqueezeNet.mlmodel */,
			);
			path = Resources;
			sourceTree = "<group>";
		};
/* End PBXGroup section */

/* Begin PBXNativeTarget section */
		EE0C66521F8D44540016C232 /* VisonAppDev */ = {
			isa = PBXNativeTarget;
			buildConfigurationList = EE0C66651F8D44540016C232 /* Build configuration list for PBXNativeTarget "VisonAppDev" */;
			buildPhases = (
				EE0C664F1F8D44540016C232 /* Sources */,
				EE0C66501F8D44540016C232 /* Frameworks */,
				EE0C66511F8D44540016C232 /* Resources */,
			);
			buildRules = (
			);
			dependencies = (
			);
			name = VisonAppDev;
			productName = VisonAppDev;
			productReference = EE0C66531F8D44540016C232 /* VisonAppDev.app */;
			productType = "com.apple.product-type.application";
		};
/* End PBXNativeTarget section */

/* Begin PBXProject section */
		EE0C664B1F8D44540016C232 /* Project object */ = {
			isa = PBXProject;
			attributes = {
				LastSwiftUpdateCheck = 0900;
				LastUpgradeCheck = 0900;
				ORGANIZATIONNAME = "Matthew Tripodi";
				TargetAttributes = {
					EE0C66521F8D44540016C232 = {
						CreatedOnToolsVersion = 9.0;
						ProvisioningStyle = Automatic;
					};
				};
			};
			buildConfigurationList = EE0C664E1F8D44540016C232 /* Build configuration list for PBXProject "VisonAppDev" */;
			compatibilityVersion = "Xcode 8.0";
			developmentRegion = en;
			hasScannedForEncodings = 0;
			knownRegions = (
				en,
				Base,
			);
			mainGroup = EE0C664A1F8D44540016C232;
			productRefGroup = EE0C66541F8D44540016C232 /* Products */;
			projectDirPath = "";
			projectRoot = "";
			targets = (
				EE0C66521F8D44540016C232 /* VisonAppDev */,
			);
		};
/* End PBXProject section */

/* Begin PBXResourcesBuildPhase section */
		EE0C66511F8D44540016C232 /* Resources */ = {
			isa = PBXResourcesBuildPhase;
			buildActionMask = 2147483647;
			files = (
				EE0C66611F8D44540016C232 /* LaunchScreen.storyboard in Resources */,
				EE0C665E1F8D44540016C232 /* Assets.xcassets in Resources */,
				EE0C665C1F8D44540016C232 /* Main.storyboard in Resources */,
			);
			runOnlyForDeploymentPostprocessing = 0;
		};
/* End PBXResourcesBuildPhase section */

/* Begin PBXSourcesBuildPhase section */
		EE0C664F1F8D44540016C232 /* Sources */ = {
			isa = PBXSourcesBuildPhase;
			buildActionMask = 2147483647;
			files = (
				EE0C66591F8D44540016C232 /* CameraVC.swift in Sources */,
				EE265FEE1F8DA7D100E7A429 /* SqueezeNet.mlmodel in Sources */,
				EE0C66571F8D44540016C232 /* AppDelegate.swift in Sources */,
				EE0C666D1F8D486A0016C232 /* RoundedShadowView.swift in Sources */,
				EE0C666F1F8D49B00016C232 /* RoundedShadowButton.swift in Sources */,
				EE0C66711F8D49FC0016C232 /* RoundedShadowImageView.swift in Sources */,
			);
			runOnlyForDeploymentPostprocessing = 0;
		};
/* End PBXSourcesBuildPhase section */

/* Begin PBXVariantGroup section */
		EE0C665A1F8D44540016C232 /* Main.storyboard */ = {
			isa = PBXVariantGroup;
			children = (
				EE0C665B1F8D44540016C232 /* Base */,
			);
			name = Main.storyboard;
			sourceTree = "<group>";
		};
		EE0C665F1F8D44540016C232 /* LaunchScreen.storyboard */ = {
			isa = PBXVariantGroup;
			children = (
				EE0C66601F8D44540016C232 /* Base */,
			);
			name = LaunchScreen.storyboard;
			sourceTree = "<group>";
		};
/* End PBXVariantGroup section */

/* Begin XCBuildConfiguration section */
		EE0C66631F8D44540016C232 /* Debug */ = {
			isa = XCBuildConfiguration;
			buildSettings = {
				ALWAYS_SEARCH_USER_PATHS = NO;
				CLANG_ANALYZER_NONNULL = YES;
				CLANG_ANALYZER_NUMBER_OBJECT_CONVERSION = YES_AGGRESSIVE;
				CLANG_CXX_LANGUAGE_STANDARD = "gnu++14";
				CLANG_CXX_LIBRARY = "libc++";
				CLANG_ENABLE_MODULES = YES;
				CLANG_ENABLE_OBJC_ARC = YES;
				CLANG_WARN_BLOCK_CAPTURE_AUTORELEASING = YES;
				CLANG_WARN_BOOL_CONVERSION = YES;
				CLANG_WARN_COMMA = YES;
				CLANG_WARN_CONSTANT_CONVERSION = YES;
				CLANG_WARN_DIRECT_OBJC_ISA_USAGE = YES_ERROR;
				CLANG_WARN_DOCUMENTATION_COMMENTS = YES;
				CLANG_WARN_EMPTY_BODY = YES;
				CLANG_WARN_ENUM_CONVERSION = YES;
				CLANG_WARN_INFINITE_RECURSION = YES;
				CLANG_WARN_INT_CONVERSION = YES;
				CLANG_WARN_NON_LITERAL_NULL_CONVERSION = YES;
				CLANG_WARN_OBJC_LITERAL_CONVERSION = YES;
				CLANG_WARN_OBJC_ROOT_CLASS = YES_ERROR;
				CLANG_WARN_RANGE_LOOP_ANALYSIS = YES;
				CLANG_WARN_STRICT_PROTOTYPES = YES;
				CLANG_WARN_SUSPICIOUS_MOVE = YES;
				CLANG_WARN_UNGUARDED_AVAILABILITY = YES_AGGRESSIVE;
				CLANG_WARN_UNREACHABLE_CODE = YES;
				CLANG_WARN__DUPLICATE_METHOD_MATCH = YES;
				CODE_SIGN_IDENTITY = "iPhone Developer";
				COPY_PHASE_STRIP = NO;
				DEBUG_INFORMATION_FORMAT = dwarf;
				ENABLE_STRICT_OBJC_MSGSEND = YES;
				ENABLE_TESTABILITY = YES;
				GCC_C_LANGUAGE_STANDARD = gnu11;
				GCC_DYNAMIC_NO_PIC = NO;
				GCC_NO_COMMON_BLOCKS = YES;
				GCC_OPTIMIZATION_LEVEL = 0;
				GCC_PREPROCESSOR_DEFINITIONS = (
					"DEBUG=1",
					"$(inherited)",
				);
				GCC_WARN_64_TO_32_BIT_CONVERSION = YES;
				GCC_WARN_ABOUT_RETURN_TYPE = YES_ERROR;
				GCC_WARN_UNDECLARED_SELECTOR = YES;
				GCC_WARN_UNINITIALIZED_AUTOS = YES_AGGRESSIVE;
				GCC_WARN_UNUSED_FUNCTION = YES;
				GCC_WARN_UNUSED_VARIABLE = YES;
				IPHONEOS_DEPLOYMENT_TARGET = 11.0;
				MTL_ENABLE_DEBUG_INFO = YES;
				ONLY_ACTIVE_ARCH = YES;
				SDKROOT = iphoneos;
				SWIFT_ACTIVE_COMPILATION_CONDITIONS = DEBUG;
				SWIFT_OPTIMIZATION_LEVEL = "-Onone";
			};
			name = Debug;
		};
		EE0C66641F8D44540016C232 /* Release */ = {
			isa = XCBuildConfiguration;
			buildSettings = {
				ALWAYS_SEARCH_USER_PATHS = NO;
				CLANG_ANALYZER_NONNULL = YES;
				CLANG_ANALYZER_NUMBER_OBJECT_CONVERSION = YES_AGGRESSIVE;
				CLANG_CXX_LANGUAGE_STANDARD = "gnu++14";
				CLANG_CXX_LIBRARY = "libc++";
				CLANG_ENABLE_MODULES = YES;
				CLANG_ENABLE_OBJC_ARC = YES;
				CLANG_WARN_BLOCK_CAPTURE_AUTORELEASING = YES;
				CLANG_WARN_BOOL_CONVERSION = YES;
				CLANG_WARN_COMMA = YES;
				CLANG_WARN_CONSTANT_CONVERSION = YES;
				CLANG_WARN_DIRECT_OBJC_ISA_USAGE = YES_ERROR;
				CLANG_WARN_DOCUMENTATION_COMMENTS = YES;
				CLANG_WARN_EMPTY_BODY = YES;
				CLANG_WARN_ENUM_CONVERSION = YES;
				CLANG_WARN_INFINITE_RECURSION = YES;
				CLANG_WARN_INT_CONVERSION = YES;
				CLANG_WARN_NON_LITERAL_NULL_CONVERSION = YES;
				CLANG_WARN_OBJC_LITERAL_CONVERSION = YES;
				CLANG_WARN_OBJC_ROOT_CLASS = YES_ERROR;
				CLANG_WARN_RANGE_LOOP_ANALYSIS = YES;
				CLANG_WARN_STRICT_PROTOTYPES = YES;
				CLANG_WARN_SUSPICIOUS_MOVE = YES;
				CLANG_WARN_UNGUARDED_AVAILABILITY = YES_AGGRESSIVE;
				CLANG_WARN_UNREACHABLE_CODE = YES;
				CLANG_WARN__DUPLICATE_METHOD_MATCH = YES;
				CODE_SIGN_IDENTITY = "iPhone Developer";
				COPY_PHASE_STRIP = NO;
				DEBUG_INFORMATION_FORMAT = "dwarf-with-dsym";
				ENABLE_NS_ASSERTIONS = NO;
				ENABLE_STRICT_OBJC_MSGSEND = YES;
				GCC_C_LANGUAGE_STANDARD = gnu11;
				GCC_NO_COMMON_BLOCKS = YES;
				GCC_WARN_64_TO_32_BIT_CONVERSION = YES;
				GCC_WARN_ABOUT_RETURN_TYPE = YES_ERROR;
				GCC_WARN_UNDECLARED_SELECTOR = YES;
				GCC_WARN_UNINITIALIZED_AUTOS = YES_AGGRESSIVE;
				GCC_WARN_UNUSED_FUNCTION = YES;
				GCC_WARN_UNUSED_VARIABLE = YES;
				IPHONEOS_DEPLOYMENT_TARGET = 11.0;
				MTL_ENABLE_DEBUG_INFO = NO;
				SDKROOT = iphoneos;
				SWIFT_OPTIMIZATION_LEVEL = "-Owholemodule";
				VALIDATE_PRODUCT = YES;
			};
			name = Release;
		};
		EE0C66661F8D44540016C232 /* Debug */ = {
			isa = XCBuildConfiguration;
			buildSettings = {
				ASSETCATALOG_COMPILER_APPICON_NAME = AppIcon;
				CODE_SIGN_STYLE = Automatic;
				DEVELOPMENT_TEAM = J5P95JSAVD;
				INFOPLIST_FILE = VisonAppDev/Info.plist;
				LD_RUNPATH_SEARCH_PATHS = "$(inherited) @executable_path/Frameworks";
				PRODUCT_BUNDLE_IDENTIFIER = com.matthewtripodi.VisonAppDev;
				PRODUCT_NAME = "$(TARGET_NAME)";
				SWIFT_VERSION = 4.0;
				TARGETED_DEVICE_FAMILY = "1,2";
			};
			name = Debug;
		};
		EE0C66671F8D44540016C232 /* Release */ = {
			isa = XCBuildConfiguration;
			buildSettings = {
				ASSETCATALOG_COMPILER_APPICON_NAME = AppIcon;
				CODE_SIGN_STYLE = Automatic;
				DEVELOPMENT_TEAM = J5P95JSAVD;
				INFOPLIST_FILE = VisonAppDev/Info.plist;
				LD_RUNPATH_SEARCH_PATHS = "$(inherited) @executable_path/Frameworks";
				PRODUCT_BUNDLE_IDENTIFIER = com.matthewtripodi.VisonAppDev;
				PRODUCT_NAME = "$(TARGET_NAME)";
				SWIFT_VERSION = 4.0;
				TARGETED_DEVICE_FAMILY = "1,2";
			};
			name = Release;
		};
/* End XCBuildConfiguration section */

/* Begin XCConfigurationList section */
		EE0C664E1F8D44540016C232 /* Build configuration list for PBXProject "VisonAppDev" */ = {
			isa = XCConfigurationList;
			buildConfigurations = (
				EE0C66631F8D44540016C232 /* Debug */,
				EE0C66641F8D44540016C232 /* Release */,
			);
			defaultConfigurationIsVisible = 0;
			defaultConfigurationName = Release;
		};
		EE0C66651F8D44540016C232 /* Build configuration list for PBXNativeTarget "VisonAppDev" */ = {
			isa = XCConfigurationList;
			buildConfigurations = (
				EE0C66661F8D44540016C232 /* Debug */,
				EE0C66671F8D44540016C232 /* Release */,
			);
			defaultConfigurationIsVisible = 0;
			defaultConfigurationName = Release;
		};
/* End XCConfigurationList section */
	};
	rootObject = EE0C664B1F8D44540016C232 /* Project object */;
}
